// !$*UTF8*$!
{
	archiveVersion = 1;
	classes = {
	};
	objectVersion = 50;
	objects = {

/* Begin PBXBuildFile section */
		7E1E6F9BAB46357C5FB2E795 /* Pods_ios.framework in Frameworks */ = {isa = PBXBuildFile; fileRef = A57734EF42EA007D037E6221 /* Pods_ios.framework */; };
		98E73AA92445CEF300BB7B7A /* AppDelegate.swift in Sources */ = {isa = PBXBuildFile; fileRef = 98E73AA82445CEF300BB7B7A /* AppDelegate.swift */; };
		98E73AAB2445CEF300BB7B7A /* SceneDelegate.swift in Sources */ = {isa = PBXBuildFile; fileRef = 98E73AAA2445CEF300BB7B7A /* SceneDelegate.swift */; };
		98E73AAD2445CEF300BB7B7A /* ContentView.swift in Sources */ = {isa = PBXBuildFile; fileRef = 98E73AAC2445CEF300BB7B7A /* ContentView.swift */; };
		98E73AAF2445CEF600BB7B7A /* Assets.xcassets in Resources */ = {isa = PBXBuildFile; fileRef = 98E73AAE2445CEF600BB7B7A /* Assets.xcassets */; };
		98E73AB22445CEF600BB7B7A /* Preview Assets.xcassets in Resources */ = {isa = PBXBuildFile; fileRef = 98E73AB12445CEF600BB7B7A /* Preview Assets.xcassets */; };
		98E73AB52445CEF600BB7B7A /* LaunchScreen.storyboard in Resources */ = {isa = PBXBuildFile; fileRef = 98E73AB32445CEF600BB7B7A /* LaunchScreen.storyboard */; };
/* End PBXBuildFile section */

/* Begin PBXFileReference section */
		6568BEE7E5B9F9112A9EAC47 /* Pods-ios.release.xcconfig */ = {isa = PBXFileReference; includeInIndex = 1; lastKnownFileType = text.xcconfig; name = "Pods-ios.release.xcconfig"; path = "Target Support Files/Pods-ios/Pods-ios.release.xcconfig"; sourceTree = "<group>"; };
		98E73AA52445CEF300BB7B7A /* ios.app */ = {isa = PBXFileReference; explicitFileType = wrapper.application; includeInIndex = 0; path = ios.app; sourceTree = BUILT_PRODUCTS_DIR; };
		98E73AA82445CEF300BB7B7A /* AppDelegate.swift */ = {isa = PBXFileReference; lastKnownFileType = sourcecode.swift; path = AppDelegate.swift; sourceTree = "<group>"; };
		98E73AAA2445CEF300BB7B7A /* SceneDelegate.swift */ = {isa = PBXFileReference; lastKnownFileType = sourcecode.swift; path = SceneDelegate.swift; sourceTree = "<group>"; };
		98E73AAC2445CEF300BB7B7A /* ContentView.swift */ = {isa = PBXFileReference; lastKnownFileType = sourcecode.swift; path = ContentView.swift; sourceTree = "<group>"; };
		98E73AAE2445CEF600BB7B7A /* Assets.xcassets */ = {isa = PBXFileReference; lastKnownFileType = folder.assetcatalog; path = Assets.xcassets; sourceTree = "<group>"; };
		98E73AB12445CEF600BB7B7A /* Preview Assets.xcassets */ = {isa = PBXFileReference; lastKnownFileType = folder.assetcatalog; path = "Preview Assets.xcassets"; sourceTree = "<group>"; };
		98E73AB42445CEF600BB7B7A /* Base */ = {isa = PBXFileReference; lastKnownFileType = file.storyboard; name = Base; path = Base.lproj/LaunchScreen.storyboard; sourceTree = "<group>"; };
		98E73AB62445CEF600BB7B7A /* Info.plist */ = {isa = PBXFileReference; lastKnownFileType = text.plist.xml; path = Info.plist; sourceTree = "<group>"; };
		A57734EF42EA007D037E6221 /* Pods_ios.framework */ = {isa = PBXFileReference; explicitFileType = wrapper.framework; includeInIndex = 0; path = Pods_ios.framework; sourceTree = BUILT_PRODUCTS_DIR; };
		EF72797E706B426C48EC1C61 /* Pods-ios.debug.xcconfig */ = {isa = PBXFileReference; includeInIndex = 1; lastKnownFileType = text.xcconfig; name = "Pods-ios.debug.xcconfig"; path = "Target Support Files/Pods-ios/Pods-ios.debug.xcconfig"; sourceTree = "<group>"; };
/* End PBXFileReference section */

/* Begin PBXFrameworksBuildPhase section */
		98E73AA22445CEF300BB7B7A /* Frameworks */ = {
			isa = PBXFrameworksBuildPhase;
			buildActionMask = 2147483647;
			files = (
				7E1E6F9BAB46357C5FB2E795 /* Pods_ios.framework in Frameworks */,
			);
			runOnlyForDeploymentPostprocessing = 0;
		};
/* End PBXFrameworksBuildPhase section */

/* Begin PBXGroup section */
		089F8EA9D2B2AB3E624E27C2 /* Frameworks */ = {
			isa = PBXGroup;
			children = (
				A57734EF42EA007D037E6221 /* Pods_ios.framework */,
			);
			name = Frameworks;
			sourceTree = "<group>";
		};
		98E73A9C2445CEF300BB7B7A = {
			isa = PBXGroup;
			children = (
				98E73AA72445CEF300BB7B7A /* ios */,
				98E73AA62445CEF300BB7B7A /* Products */,
				992AB8BF036DA0520F740960 /* Pods */,
				089F8EA9D2B2AB3E624E27C2 /* Frameworks */,
			);
			sourceTree = "<group>";
		};
		98E73AA62445CEF300BB7B7A /* Products */ = {
			isa = PBXGroup;
			children = (
				98E73AA52445CEF300BB7B7A /* ios.app */,
			);
			name = Products;
			sourceTree = "<group>";
		};
		98E73AA72445CEF300BB7B7A /* ios */ = {
			isa = PBXGroup;
			children = (
				98E73AA82445CEF300BB7B7A /* AppDelegate.swift */,
				98E73AAA2445CEF300BB7B7A /* SceneDelegate.swift */,
				98E73AAC2445CEF300BB7B7A /* ContentView.swift */,
				98E73AAE2445CEF600BB7B7A /* Assets.xcassets */,
				98E73AB32445CEF600BB7B7A /* LaunchScreen.storyboard */,
				98E73AB62445CEF600BB7B7A /* Info.plist */,
				98E73AB02445CEF600BB7B7A /* Preview Content */,
			);
			path = ios;
			sourceTree = "<group>";
		};
		98E73AB02445CEF600BB7B7A /* Preview Content */ = {
			isa = PBXGroup;
			children = (
				98E73AB12445CEF600BB7B7A /* Preview Assets.xcassets */,
			);
			path = "Preview Content";
			sourceTree = "<group>";
		};
		992AB8BF036DA0520F740960 /* Pods */ = {
			isa = PBXGroup;
			children = (
				EF72797E706B426C48EC1C61 /* Pods-ios.debug.xcconfig */,
				6568BEE7E5B9F9112A9EAC47 /* Pods-ios.release.xcconfig */,
			);
			name = Pods;
			path = Pods;
			sourceTree = "<group>";
		};
/* End PBXGroup section */

/* Begin PBXNativeTarget section */
		98E73AA42445CEF300BB7B7A /* ios */ = {
			isa = PBXNativeTarget;
			buildConfigurationList = 98E73AB92445CEF600BB7B7A /* Build configuration list for PBXNativeTarget "ios" */;
			buildPhases = (
				35A8568D7CD54DBFB68A1046 /* [CP] Check Pods Manifest.lock */,
				98E73AA12445CEF300BB7B7A /* Sources */,
				98E73AA22445CEF300BB7B7A /* Frameworks */,
				98E73AA32445CEF300BB7B7A /* Resources */,
				36128B026D99277183C00B41 /* [CP] Embed Pods Frameworks */,
			);
			buildRules = (
			);
			dependencies = (
			);
			name = ios;
			productName = ios;
			productReference = 98E73AA52445CEF300BB7B7A /* ios.app */;
			productType = "com.apple.product-type.application";
		};
/* End PBXNativeTarget section */

/* Begin PBXProject section */
		98E73A9D2445CEF300BB7B7A /* Project object */ = {
			isa = PBXProject;
			attributes = {
				LastSwiftUpdateCheck = 1130;
				LastUpgradeCheck = 1130;
				ORGANIZATIONNAME = "stream-steam";
				TargetAttributes = {
					98E73AA42445CEF300BB7B7A = {
						CreatedOnToolsVersion = 11.3.1;
					};
				};
			};
			buildConfigurationList = 98E73AA02445CEF300BB7B7A /* Build configuration list for PBXProject "ios" */;
			compatibilityVersion = "Xcode 9.3";
			developmentRegion = en;
			hasScannedForEncodings = 0;
			knownRegions = (
				en,
				Base,
			);
			mainGroup = 98E73A9C2445CEF300BB7B7A;
			productRefGroup = 98E73AA62445CEF300BB7B7A /* Products */;
			projectDirPath = "";
			projectRoot = "";
			targets = (
				98E73AA42445CEF300BB7B7A /* ios */,
			);
		};
/* End PBXProject section */

/* Begin PBXResourcesBuildPhase section */
		98E73AA32445CEF300BB7B7A /* Resources */ = {
			isa = PBXResourcesBuildPhase;
			buildActionMask = 2147483647;
			files = (
				98E73AB52445CEF600BB7B7A /* LaunchScreen.storyboard in Resources */,
				98E73AB22445CEF600BB7B7A /* Preview Assets.xcassets in Resources */,
				98E73AAF2445CEF600BB7B7A /* Assets.xcassets in Resources */,
			);
			runOnlyForDeploymentPostprocessing = 0;
		};
/* End PBXResourcesBuildPhase section */

/* Begin PBXShellScriptBuildPhase section */
		35A8568D7CD54DBFB68A1046 /* [CP] Check Pods Manifest.lock */ = {
			isa = PBXShellScriptBuildPhase;
			buildActionMask = 2147483647;
			files = (
			);
			inputFileListPaths = (
			);
			inputPaths = (
				"${PODS_PODFILE_DIR_PATH}/Podfile.lock",
				"${PODS_ROOT}/Manifest.lock",
			);
			name = "[CP] Check Pods Manifest.lock";
			outputFileListPaths = (
			);
			outputPaths = (
				"$(DERIVED_FILE_DIR)/Pods-ios-checkManifestLockResult.txt",
			);
			runOnlyForDeploymentPostprocessing = 0;
			shellPath = /bin/sh;
			shellScript = "diff \"${PODS_PODFILE_DIR_PATH}/Podfile.lock\" \"${PODS_ROOT}/Manifest.lock\" > /dev/null\nif [ $? != 0 ] ; then\n    # print error to STDERR\n    echo \"error: The sandbox is not in sync with the Podfile.lock. Run 'pod install' or update your CocoaPods installation.\" >&2\n    exit 1\nfi\n# This output is used by Xcode 'outputs' to avoid re-running this script phase.\necho \"SUCCESS\" > \"${SCRIPT_OUTPUT_FILE_0}\"\n";
			showEnvVarsInLog = 0;
		};
		36128B026D99277183C00B41 /* [CP] Embed Pods Frameworks */ = {
			isa = PBXShellScriptBuildPhase;
			buildActionMask = 2147483647;
			files = (
			);
			inputFileListPaths = (
				"${PODS_ROOT}/Target Support Files/Pods-ios/Pods-ios-frameworks-${CONFIGURATION}-input-files.xcfilelist",
			);
			name = "[CP] Embed Pods Frameworks";
			outputFileListPaths = (
				"${PODS_ROOT}/Target Support Files/Pods-ios/Pods-ios-frameworks-${CONFIGURATION}-output-files.xcfilelist",
			);
			runOnlyForDeploymentPostprocessing = 0;
			shellPath = /bin/sh;
			shellScript = "\"${PODS_ROOT}/Target Support Files/Pods-ios/Pods-ios-frameworks.sh\"\n";
			showEnvVarsInLog = 0;
		};
/* End PBXShellScriptBuildPhase section */

/* Begin PBXSourcesBuildPhase section */
		98E73AA12445CEF300BB7B7A /* Sources */ = {
			isa = PBXSourcesBuildPhase;
			buildActionMask = 2147483647;
			files = (
				98E73AA92445CEF300BB7B7A /* AppDelegate.swift in Sources */,
				98E73AAB2445CEF300BB7B7A /* SceneDelegate.swift in Sources */,
				98E73AAD2445CEF300BB7B7A /* ContentView.swift in Sources */,
			);
			runOnlyForDeploymentPostprocessing = 0;
		};
/* End PBXSourcesBuildPhase section */

/* Begin PBXVariantGroup section */
		98E73AB32445CEF600BB7B7A /* LaunchScreen.storyboard */ = {
			isa = PBXVariantGroup;
			children = (
				98E73AB42445CEF600BB7B7A /* Base */,
			);
			name = LaunchScreen.storyboard;
			sourceTree = "<group>";
		};
/* End PBXVariantGroup section */

/* Begin XCBuildConfiguration section */
		98E73AB72445CEF600BB7B7A /* Debug */ = {
			isa = XCBuildConfiguration;
			buildSettings = {
				ALWAYS_SEARCH_USER_PATHS = NO;
				CLANG_ANALYZER_NONNULL = YES;
				CLANG_ANALYZER_NUMBER_OBJECT_CONVERSION = YES_AGGRESSIVE;
				CLANG_CXX_LANGUAGE_STANDARD = "gnu++14";
				CLANG_CXX_LIBRARY = "libc++";
				CLANG_ENABLE_MODULES = YES;
				CLANG_ENABLE_OBJC_ARC = YES;
				CLANG_ENABLE_OBJC_WEAK = YES;
				CLANG_WARN_BLOCK_CAPTURE_AUTORELEASING = YES;
				CLANG_WARN_BOOL_CONVERSION = YES;
				CLANG_WARN_COMMA = YES;
				CLANG_WARN_CONSTANT_CONVERSION = YES;
				CLANG_WARN_DEPRECATED_OBJC_IMPLEMENTATIONS = YES;
				CLANG_WARN_DIRECT_OBJC_ISA_USAGE = YES_ERROR;
				CLANG_WARN_DOCUMENTATION_COMMENTS = YES;
				CLANG_WARN_EMPTY_BODY = YES;
				CLANG_WARN_ENUM_CONVERSION = YES;
				CLANG_WARN_INFINITE_RECURSION = YES;
				CLANG_WARN_INT_CONVERSION = YES;
				CLANG_WARN_NON_LITERAL_NULL_CONVERSION = YES;
				CLANG_WARN_OBJC_IMPLICIT_RETAIN_SELF = YES;
				CLANG_WARN_OBJC_LITERAL_CONVERSION = YES;
				CLANG_WARN_OBJC_ROOT_CLASS = YES_ERROR;
				CLANG_WARN_RANGE_LOOP_ANALYSIS = YES;
				CLANG_WARN_STRICT_PROTOTYPES = YES;
				CLANG_WARN_SUSPICIOUS_MOVE = YES;
				CLANG_WARN_UNGUARDED_AVAILABILITY = YES_AGGRESSIVE;
				CLANG_WARN_UNREACHABLE_CODE = YES;
				CLANG_WARN__DUPLICATE_METHOD_MATCH = YES;
				COPY_PHASE_STRIP = NO;
				DEBUG_INFORMATION_FORMAT = dwarf;
				ENABLE_STRICT_OBJC_MSGSEND = YES;
				ENABLE_TESTABILITY = YES;
				GCC_C_LANGUAGE_STANDARD = gnu11;
				GCC_DYNAMIC_NO_PIC = NO;
				GCC_NO_COMMON_BLOCKS = YES;
				GCC_OPTIMIZATION_LEVEL = 0;
				GCC_PREPROCESSOR_DEFINITIONS = (
					"DEBUG=1",
					"$(inherited)",
				);
				GCC_WARN_64_TO_32_BIT_CONVERSION = YES;
				GCC_WARN_ABOUT_RETURN_TYPE = YES_ERROR;
				GCC_WARN_UNDECLARED_SELECTOR = YES;
				GCC_WARN_UNINITIALIZED_AUTOS = YES_AGGRESSIVE;
				GCC_WARN_UNUSED_FUNCTION = YES;
				GCC_WARN_UNUSED_VARIABLE = YES;
				IPHONEOS_DEPLOYMENT_TARGET = 13.2;
				MTL_ENABLE_DEBUG_INFO = INCLUDE_SOURCE;
				MTL_FAST_MATH = YES;
				ONLY_ACTIVE_ARCH = YES;
				SDKROOT = iphoneos;
				SWIFT_ACTIVE_COMPILATION_CONDITIONS = DEBUG;
				SWIFT_OPTIMIZATION_LEVEL = "-Onone";
			};
			name = Debug;
		};
		98E73AB82445CEF600BB7B7A /* Release */ = {
			isa = XCBuildConfiguration;
			buildSettings = {
				ALWAYS_SEARCH_USER_PATHS = NO;
				CLANG_ANALYZER_NONNULL = YES;
				CLANG_ANALYZER_NUMBER_OBJECT_CONVERSION = YES_AGGRESSIVE;
				CLANG_CXX_LANGUAGE_STANDARD = "gnu++14";
				CLANG_CXX_LIBRARY = "libc++";
				CLANG_ENABLE_MODULES = YES;
				CLANG_ENABLE_OBJC_ARC = YES;
				CLANG_ENABLE_OBJC_WEAK = YES;
				CLANG_WARN_BLOCK_CAPTURE_AUTORELEASING = YES;
				CLANG_WARN_BOOL_CONVERSION = YES;
				CLANG_WARN_COMMA = YES;
				CLANG_WARN_CONSTANT_CONVERSION = YES;
				CLANG_WARN_DEPRECATED_OBJC_IMPLEMENTATIONS = YES;
				CLANG_WARN_DIRECT_OBJC_ISA_USAGE = YES_ERROR;
				CLANG_WARN_DOCUMENTATION_COMMENTS = YES;
				CLANG_WARN_EMPTY_BODY = YES;
				CLANG_WARN_ENUM_CONVERSION = YES;
				CLANG_WARN_INFINITE_RECURSION = YES;
				CLANG_WARN_INT_CONVERSION = YES;
				CLANG_WARN_NON_LITERAL_NULL_CONVERSION = YES;
				CLANG_WARN_OBJC_IMPLICIT_RETAIN_SELF = YES;
				CLANG_WARN_OBJC_LITERAL_CONVERSION = YES;
				CLANG_WARN_OBJC_ROOT_CLASS = YES_ERROR;
				CLANG_WARN_RANGE_LOOP_ANALYSIS = YES;
				CLANG_WARN_STRICT_PROTOTYPES = YES;
				CLANG_WARN_SUSPICIOUS_MOVE = YES;
				CLANG_WARN_UNGUARDED_AVAILABILITY = YES_AGGRESSIVE;
				CLANG_WARN_UNREACHABLE_CODE = YES;
				CLANG_WARN__DUPLICATE_METHOD_MATCH = YES;
				COPY_PHASE_STRIP = NO;
				DEBUG_INFORMATION_FORMAT = "dwarf-with-dsym";
				ENABLE_NS_ASSERTIONS = NO;
				ENABLE_STRICT_OBJC_MSGSEND = YES;
				GCC_C_LANGUAGE_STANDARD = gnu11;
				GCC_NO_COMMON_BLOCKS = YES;
				GCC_WARN_64_TO_32_BIT_CONVERSION = YES;
				GCC_WARN_ABOUT_RETURN_TYPE = YES_ERROR;
				GCC_WARN_UNDECLARED_SELECTOR = YES;
				GCC_WARN_UNINITIALIZED_AUTOS = YES_AGGRESSIVE;
				GCC_WARN_UNUSED_FUNCTION = YES;
				GCC_WARN_UNUSED_VARIABLE = YES;
				IPHONEOS_DEPLOYMENT_TARGET = 13.2;
				MTL_ENABLE_DEBUG_INFO = NO;
				MTL_FAST_MATH = YES;
				SDKROOT = iphoneos;
				SWIFT_COMPILATION_MODE = wholemodule;
				SWIFT_OPTIMIZATION_LEVEL = "-O";
				VALIDATE_PRODUCT = YES;
			};
			name = Release;
		};
		98E73ABA2445CEF600BB7B7A /* Debug */ = {
			isa = XCBuildConfiguration;
			baseConfigurationReference = EF72797E706B426C48EC1C61 /* Pods-ios.debug.xcconfig */;
			buildSettings = {
				ASSETCATALOG_COMPILER_APPICON_NAME = AppIcon;
				CODE_SIGN_STYLE = Automatic;
				DEVELOPMENT_ASSET_PATHS = "\"ios/Preview Content\"";
				ENABLE_PREVIEWS = YES;
				INFOPLIST_FILE = ios/Info.plist;
				LD_RUNPATH_SEARCH_PATHS = (
					"$(inherited)",
					"@executable_path/Frameworks",
				);
				PRODUCT_BUNDLE_IDENTIFIER = com.stream.steam.ios;
				PRODUCT_NAME = "$(TARGET_NAME)";
				SWIFT_VERSION = 5.0;
				TARGETED_DEVICE_FAMILY = "1,2";
			};
			name = Debug;
		};
		98E73ABB2445CEF600BB7B7A /* Release */ = {
			isa = XCBuildConfiguration;
			baseConfigurationReference = 6568BEE7E5B9F9112A9EAC47 /* Pods-ios.release.xcconfig */;
			buildSettings = {
				ASSETCATALOG_COMPILER_APPICON_NAME = AppIcon;
				CODE_SIGN_STYLE = Automatic;
				DEVELOPMENT_ASSET_PATHS = "\"ios/Preview Content\"";
				ENABLE_PREVIEWS = YES;
				INFOPLIST_FILE = ios/Info.plist;
				LD_RUNPATH_SEARCH_PATHS = (
					"$(inherited)",
					"@executable_path/Frameworks",
				);
				PRODUCT_BUNDLE_IDENTIFIER = com.stream.steam.ios;
				PRODUCT_NAME = "$(TARGET_NAME)";
				SWIFT_VERSION = 5.0;
				TARGETED_DEVICE_FAMILY = "1,2";
			};
			name = Release;
		};
/* End XCBuildConfiguration section */

/* Begin XCConfigurationList section */
		98E73AA02445CEF300BB7B7A /* Build configuration list for PBXProject "ios" */ = {
			isa = XCConfigurationList;
			buildConfigurations = (
				98E73AB72445CEF600BB7B7A /* Debug */,
				98E73AB82445CEF600BB7B7A /* Release */,
			);
			defaultConfigurationIsVisible = 0;
			defaultConfigurationName = Release;
		};
		98E73AB92445CEF600BB7B7A /* Build configuration list for PBXNativeTarget "ios" */ = {
			isa = XCConfigurationList;
			buildConfigurations = (
				98E73ABA2445CEF600BB7B7A /* Debug */,
				98E73ABB2445CEF600BB7B7A /* Release */,
			);
			defaultConfigurationIsVisible = 0;
			defaultConfigurationName = Release;
		};
/* End XCConfigurationList section */
	};
	rootObject = 98E73A9D2445CEF300BB7B7A /* Project object */;
}
